{
  "requires": true,
  "lockfileVersion": 1,
  "dependencies": {
    "@kfonts/ridi-batang": {
      "version": "0.1.3",
      "resolved": "https://registry.npmjs.org/@kfonts/ridi-batang/-/ridi-batang-0.1.3.tgz",
      "integrity": "sha512-496iurgEuc7iC4a/S0vdzRlXkp3SvG4rsF0y16qRZroq35KReWLjFeCPb+TWPI7ZqmgvJjMPAS2KaM7shee1sg=="
    }
  }
}
